
Microsoft Visual Studio Solution File, Format Version 12.00
# Visual Studio Version 16
VisualStudioVersion = 25.0.1706.14
MinimumVisualStudioVersion = 10.0.40219.1
Project("{FAE04EC0-301F-11D3-BF4B-00C04F79EFBC}") = "FluxStore.API", "FluxStore.API\FluxStore.API.csproj", "{AEA81E27-68A3-43C4-83B3-767FBACCE9EE}"
EndProject
Project("{FAE04EC0-301F-11D3-BF4B-00C04F79EFBC}") = "FluxStore.Application", "FluxStore.Application\FluxStore.Application.csproj", "{63F1829F-9704-4328-AAAA-0D7CCD59B87C}"
EndProject
Project("{FAE04EC0-301F-11D3-BF4B-00C04F79EFBC}") = "FluxStore.Domain", "FluxStore.Domain\FluxStore.Domain.csproj", "{6AB74389-4FB4-4890-8266-4AC7B37EDB20}"
EndProject
Project("{FAE04EC0-301F-11D3-BF4B-00C04F79EFBC}") = "FluxStore.Infrastructure", "FluxStore.Infrastructure\FluxStore.Infrastructure.csproj", "{ECC42F17-A1A8-4E2F-AADD-2DED2FBC2A27}"
EndProject
Project("{FAE04EC0-301F-11D3-BF4B-00C04F79EFBC}") = "FluxStore.Shared", "FluxStore.Shared\FluxStore.Shared.csproj", "{13E15A12-37D7-4D0C-AFCF-20D884F27E6A}"
EndProject
Global
	GlobalSection(SolutionConfigurationPlatforms) = preSolution
		Debug|Any CPU = Debug|Any CPU
		Release|Any CPU = Release|Any CPU
	EndGlobalSection
	GlobalSection(ProjectConfigurationPlatforms) = postSolution
		{AEA81E27-68A3-43C4-83B3-767FBACCE9EE}.Debug|Any CPU.ActiveCfg = Debug|Any CPU
		{AEA81E27-68A3-43C4-83B3-767FBACCE9EE}.Debug|Any CPU.Build.0 = Debug|Any CPU
		{AEA81E27-68A3-43C4-83B3-767FBACCE9EE}.Release|Any CPU.ActiveCfg = Release|Any CPU
		{AEA81E27-68A3-43C4-83B3-767FBACCE9EE}.Release|Any CPU.Build.0 = Release|Any CPU
		{63F1829F-9704-4328-AAAA-0D7CCD59B87C}.Debug|Any CPU.ActiveCfg = Debug|Any CPU
		{63F1829F-9704-4328-AAAA-0D7CCD59B87C}.Debug|Any CPU.Build.0 = Debug|Any CPU
		{63F1829F-9704-4328-AAAA-0D7CCD59B87C}.Release|Any CPU.ActiveCfg = Release|Any CPU
		{63F1829F-9704-4328-AAAA-0D7CCD59B87C}.Release|Any CPU.Build.0 = Release|Any CPU
		{6AB74389-4FB4-4890-8266-4AC7B37EDB20}.Debug|Any CPU.ActiveCfg = Debug|Any CPU
		{6AB74389-4FB4-4890-8266-4AC7B37EDB20}.Debug|Any CPU.Build.0 = Debug|Any CPU
		{6AB74389-4FB4-4890-8266-4AC7B37EDB20}.Release|Any CPU.ActiveCfg = Release|Any CPU
		{6AB74389-4FB4-4890-8266-4AC7B37EDB20}.Release|Any CPU.Build.0 = Release|Any CPU
		{ECC42F17-A1A8-4E2F-AADD-2DED2FBC2A27}.Debug|Any CPU.ActiveCfg = Debug|Any CPU
		{ECC42F17-A1A8-4E2F-AADD-2DED2FBC2A27}.Debug|Any CPU.Build.0 = Debug|Any CPU
		{ECC42F17-A1A8-4E2F-AADD-2DED2FBC2A27}.Release|Any CPU.ActiveCfg = Release|Any CPU
		{ECC42F17-A1A8-4E2F-AADD-2DED2FBC2A27}.Release|Any CPU.Build.0 = Release|Any CPU
		{13E15A12-37D7-4D0C-AFCF-20D884F27E6A}.Debug|Any CPU.ActiveCfg = Debug|Any CPU
		{13E15A12-37D7-4D0C-AFCF-20D884F27E6A}.Debug|Any CPU.Build.0 = Debug|Any CPU
		{13E15A12-37D7-4D0C-AFCF-20D884F27E6A}.Release|Any CPU.ActiveCfg = Release|Any CPU
		{13E15A12-37D7-4D0C-AFCF-20D884F27E6A}.Release|Any CPU.Build.0 = Release|Any CPU
	EndGlobalSection
	GlobalSection(SolutionProperties) = preSolution
		HideSolutionNode = FALSE
	EndGlobalSection
	GlobalSection(ExtensibilityGlobals) = postSolution
		SolutionGuid = {492B3144-4467-40DB-98A8-7DCD0E9AD43A}
	EndGlobalSection
EndGlobal
